
Microsoft Visual Studio Solution File, Format Version 12.00
# Visual Studio 15
VisualStudioVersion = 15.0.28307.168
MinimumVisualStudioVersion = 10.0.40219.1
Project("{FAE04EC0-301F-11D3-BF4B-00C04F79EFBC}") = "CSD3354-2-Assignment-2-c0732101", "CSD3354-2-Assignment-2-c0732101\CSD3354-2-Assignment-2-c0732101.csproj", "{E4685345-FDD6-4CAA-BEC0-0938C2224CCA}"
EndProject
Global
	GlobalSection(SolutionConfigurationPlatforms) = preSolution
		Debug|Any CPU = Debug|Any CPU
		Release|Any CPU = Release|Any CPU
	EndGlobalSection
	GlobalSection(ProjectConfigurationPlatforms) = postSolution
		{E4685345-FDD6-4CAA-BEC0-0938C2224CCA}.Debug|Any CPU.ActiveCfg = Debug|Any CPU
		{E4685345-FDD6-4CAA-BEC0-0938C2224CCA}.Debug|Any CPU.Build.0 = Debug|Any CPU
		{E4685345-FDD6-4CAA-BEC0-0938C2224CCA}.Release|Any CPU.ActiveCfg = Release|Any CPU
		{E4685345-FDD6-4CAA-BEC0-0938C2224CCA}.Release|Any CPU.Build.0 = Release|Any CPU
	EndGlobalSection
	GlobalSection(SolutionProperties) = preSolution
		HideSolutionNode = FALSE
	EndGlobalSection
	GlobalSection(ExtensibilityGlobals) = postSolution
		SolutionGuid = {03F5796C-D1DC-4D98-8965-753BB9737FC4}
	EndGlobalSection
EndGlobal
